{
  "requires": true,
  "lockfileVersion": 1,
  "dependencies": {
    "uni-read-pages": {
      "version": "1.0.5",
      "resolved": "https://registry.npm.taobao.org/uni-read-pages/download/uni-read-pages-1.0.5.tgz",
      "integrity": "sha1-RSyNyqiXe7rvYAkJvpJsjZcEOHw="
    },
    "uni-simple-router": {
      "version": "2.0.8-beta.3",
      "resolved": "https://registry.npmmirror.com/uni-simple-router/download/uni-simple-router-2.0.8-beta.3.tgz",
      "integrity": "sha512-Aiw9O7TzATZ0BH9e6p0hJsVy8K1lYjf3P9QMmskNqJaOh9jltCaurrw/dJZ7xUMGVu/K3XP1MxOotBAUjsiUZg=="
    },
    "uview-ui": {
      "version": "2.0.9",
      "resolved": "https://registry.npmmirror.com/uview-ui/download/uview-ui-2.0.9.tgz",
      "integrity": "sha512-VyEvaLH3GUoEAOetFGCV91FU3P2FomE01De9d3RdwLXzW6lOgLjVO9LZClIrBr+xmNSzL4AL5YYgG5wILbQTjQ=="
    }
  }
}
